
Microsoft Visual Studio Solution File, Format Version 12.00
# Visual Studio Version 17
VisualStudioVersion = 17.8.34511.84
MinimumVisualStudioVersion = 10.0.40219.1
Project("{9A19103F-16F7-4668-BE54-9A1E7A4F7556}") = "zad1", "zad1.csproj", "{4E5FF6F9-AA55-4F71-B98C-1424D84D45CC}"
EndProject
Global
	GlobalSection(SolutionConfigurationPlatforms) = preSolution
		Debug|Any CPU = Debug|Any CPU
		Release|Any CPU = Release|Any CPU
	EndGlobalSection
	GlobalSection(ProjectConfigurationPlatforms) = postSolution
		{4E5FF6F9-AA55-4F71-B98C-1424D84D45CC}.Debug|Any CPU.ActiveCfg = Debug|Any CPU
		{4E5FF6F9-AA55-4F71-B98C-1424D84D45CC}.Debug|Any CPU.Build.0 = Debug|Any CPU
		{4E5FF6F9-AA55-4F71-B98C-1424D84D45CC}.Release|Any CPU.ActiveCfg = Release|Any CPU
		{4E5FF6F9-AA55-4F71-B98C-1424D84D45CC}.Release|Any CPU.Build.0 = Release|Any CPU
	EndGlobalSection
	GlobalSection(SolutionProperties) = preSolution
		HideSolutionNode = FALSE
	EndGlobalSection
	GlobalSection(ExtensibilityGlobals) = postSolution
		SolutionGuid = {D49D90FD-650E-4E80-BB95-0617D0F27C99}
	EndGlobalSection
EndGlobal
