
Microsoft Visual Studio Solution File, Format Version 12.00
# Visual Studio Version 17
VisualStudioVersion = 17.8.34511.84
MinimumVisualStudioVersion = 10.0.40219.1
Project("{FAE04EC0-301F-11D3-BF4B-00C04F79EFBC}") = "zad2", "zad2.csproj", "{4E5F48BB-7E34-4FFE-A7CB-A56D071FB3BA}"
EndProject
Global
	GlobalSection(SolutionConfigurationPlatforms) = preSolution
		Debug|Any CPU = Debug|Any CPU
		Release|Any CPU = Release|Any CPU
	EndGlobalSection
	GlobalSection(ProjectConfigurationPlatforms) = postSolution
		{4E5F48BB-7E34-4FFE-A7CB-A56D071FB3BA}.Debug|Any CPU.ActiveCfg = Debug|Any CPU
		{4E5F48BB-7E34-4FFE-A7CB-A56D071FB3BA}.Debug|Any CPU.Build.0 = Debug|Any CPU
		{4E5F48BB-7E34-4FFE-A7CB-A56D071FB3BA}.Release|Any CPU.ActiveCfg = Release|Any CPU
		{4E5F48BB-7E34-4FFE-A7CB-A56D071FB3BA}.Release|Any CPU.Build.0 = Release|Any CPU
	EndGlobalSection
	GlobalSection(SolutionProperties) = preSolution
		HideSolutionNode = FALSE
	EndGlobalSection
	GlobalSection(ExtensibilityGlobals) = postSolution
		SolutionGuid = {54F42E93-470A-47AD-A0B6-D4D048653D8C}
	EndGlobalSection
EndGlobal
